
Microsoft Visual Studio Solution File, Format Version 12.00
# Visual Studio Version 16
VisualStudioVersion = 16.0.32510.428
MinimumVisualStudioVersion = 10.0.40219.1
Project("{FAE04EC0-301F-11D3-BF4B-00C04F79EFBC}") = "PM2E2GRUPO4.Android", "PM2E2GRUPO4.Android\PM2E2GRUPO4.Android.csproj", "{7DFAF123-888F-4843-97A3-635E32A7AC91}"
EndProject
Project("{FAE04EC0-301F-11D3-BF4B-00C04F79EFBC}") = "PM2E2GRUPO4", "PM2E2GRUPO4\PM2E2GRUPO4.csproj", "{D95CC06E-BDDE-4FE3-91CE-90FFC53C3AC5}"
EndProject
Global
	GlobalSection(SolutionConfigurationPlatforms) = preSolution
		Debug|Any CPU = Debug|Any CPU
		Release|Any CPU = Release|Any CPU
	EndGlobalSection
	GlobalSection(ProjectConfigurationPlatforms) = postSolution
		{7DFAF123-888F-4843-97A3-635E32A7AC91}.Debug|Any CPU.ActiveCfg = Debug|Any CPU
		{7DFAF123-888F-4843-97A3-635E32A7AC91}.Debug|Any CPU.Build.0 = Debug|Any CPU
		{7DFAF123-888F-4843-97A3-635E32A7AC91}.Debug|Any CPU.Deploy.0 = Debug|Any CPU
		{7DFAF123-888F-4843-97A3-635E32A7AC91}.Release|Any CPU.ActiveCfg = Release|Any CPU
		{7DFAF123-888F-4843-97A3-635E32A7AC91}.Release|Any CPU.Build.0 = Release|Any CPU
		{7DFAF123-888F-4843-97A3-635E32A7AC91}.Release|Any CPU.Deploy.0 = Release|Any CPU
		{D95CC06E-BDDE-4FE3-91CE-90FFC53C3AC5}.Debug|Any CPU.ActiveCfg = Debug|Any CPU
		{D95CC06E-BDDE-4FE3-91CE-90FFC53C3AC5}.Debug|Any CPU.Build.0 = Debug|Any CPU
		{D95CC06E-BDDE-4FE3-91CE-90FFC53C3AC5}.Debug|Any CPU.Deploy.0 = Debug|Any CPU
		{D95CC06E-BDDE-4FE3-91CE-90FFC53C3AC5}.Release|Any CPU.ActiveCfg = Release|Any CPU
		{D95CC06E-BDDE-4FE3-91CE-90FFC53C3AC5}.Release|Any CPU.Build.0 = Release|Any CPU
		{D95CC06E-BDDE-4FE3-91CE-90FFC53C3AC5}.Release|Any CPU.Deploy.0 = Release|Any CPU
	EndGlobalSection
	GlobalSection(SolutionProperties) = preSolution
		HideSolutionNode = FALSE
	EndGlobalSection
	GlobalSection(ExtensibilityGlobals) = postSolution
		SolutionGuid = {F4E845A4-D341-474B-B749-0C97FE2D1968}
	EndGlobalSection
EndGlobal
